{
  "name": "nSpy",
  "lockfileVersion": 3,
  "requires": true,
  "packages": {
    "": {
      "dependencies": {
        "hl7.fhir.uv.smart-app-launch": "^2.2.0",
        "hl7.terminology.r5": "^5.3.0"
      }
    },
    "node_modules/hl7.fhir.uv.smart-app-launch": {
      "version": "2.2.0",
      "resolved": "https://packages.simplifier.net/hl7.fhir.uv.smart-app-launch/2.2.0",
      "integrity": "sha1-Llt8qs+HUjCCUH9q8u/fJcJK09g="
    },
    "node_modules/hl7.terminology.r5": {
      "version": "5.3.0",
      "resolved": "https://packages.simplifier.net/hl7.terminology.r5/5.3.0",
      "integrity": "sha1-bboRkyn6zo5GwrSTJ/0DLPIPxUE="
    }
  }
}
